
Microsoft Visual Studio Solution File, Format Version 12.00
# Visual Studio Version 17
VisualStudioVersion = 17.4.33122.133
MinimumVisualStudioVersion = 10.0.40219.1
Project("{FAE04EC0-301F-11D3-BF4B-00C04F79EFBC}") = "TestHorse", "TestHorse\TestHorse.csproj", "{F9925311-1CC0-4BC1-9E4F-9852CC150A5C}"
EndProject
Global
	GlobalSection(SolutionConfigurationPlatforms) = preSolution
		Debug|Any CPU = Debug|Any CPU
		Release|Any CPU = Release|Any CPU
	EndGlobalSection
	GlobalSection(ProjectConfigurationPlatforms) = postSolution
		{F9925311-1CC0-4BC1-9E4F-9852CC150A5C}.Debug|Any CPU.ActiveCfg = Debug|Any CPU
		{F9925311-1CC0-4BC1-9E4F-9852CC150A5C}.Debug|Any CPU.Build.0 = Debug|Any CPU
		{F9925311-1CC0-4BC1-9E4F-9852CC150A5C}.Release|Any CPU.ActiveCfg = Release|Any CPU
		{F9925311-1CC0-4BC1-9E4F-9852CC150A5C}.Release|Any CPU.Build.0 = Release|Any CPU
	EndGlobalSection
	GlobalSection(SolutionProperties) = preSolution
		HideSolutionNode = FALSE
	EndGlobalSection
	GlobalSection(ExtensibilityGlobals) = postSolution
		SolutionGuid = {F0241520-1B6A-4DE5-883B-5679E35E133A}
	EndGlobalSection
EndGlobal
